
Microsoft Visual Studio Solution File, Format Version 12.00
# Visual Studio Version 17
VisualStudioVersion = 17.1.32210.238
MinimumVisualStudioVersion = 10.0.40219.1
Project("{9A19103F-16F7-4668-BE54-9A1E7A4F7556}") = "CryptoAvenue", "CryptoAvenue.csproj", "{B16B287E-B5DE-4879-B562-EB6048BC4555}"
EndProject
Project("{9A19103F-16F7-4668-BE54-9A1E7A4F7556}") = "CryptoAvenue.Application", "..\CryptoAvenue.Application\CryptoAvenue.Application.csproj", "{7A7AC100-38D2-42B1-BEA0-FFB90607FAFA}"
EndProject
Project("{9A19103F-16F7-4668-BE54-9A1E7A4F7556}") = "CryptoAvenue.Dal", "..\CryptoAvenue.Dal\CryptoAvenue.Dal.csproj", "{F90C251D-ABE4-4185-A4F4-9E06B4DE3D1B}"
EndProject
Project("{9A19103F-16F7-4668-BE54-9A1E7A4F7556}") = "CryptoAvenue.Domain", "..\CryptoAvenue.Domain\CryptoAvenue.Domain.csproj", "{5479103E-46BA-4C10-97B7-8A5940AF93B6}"
EndProject
Project("{FAE04EC0-301F-11D3-BF4B-00C04F79EFBC}") = "CryptoAvenue.Tests", "..\CryptoAvenue.Tests\CryptoAvenue.Tests.csproj", "{315E133C-184F-4376-BC01-D2F3B4BA16E1}"
EndProject
Global
	GlobalSection(SolutionConfigurationPlatforms) = preSolution
		Debug|Any CPU = Debug|Any CPU
		Release|Any CPU = Release|Any CPU
	EndGlobalSection
	GlobalSection(ProjectConfigurationPlatforms) = postSolution
		{B16B287E-B5DE-4879-B562-EB6048BC4555}.Debug|Any CPU.ActiveCfg = Debug|Any CPU
		{B16B287E-B5DE-4879-B562-EB6048BC4555}.Debug|Any CPU.Build.0 = Debug|Any CPU
		{B16B287E-B5DE-4879-B562-EB6048BC4555}.Release|Any CPU.ActiveCfg = Release|Any CPU
		{B16B287E-B5DE-4879-B562-EB6048BC4555}.Release|Any CPU.Build.0 = Release|Any CPU
		{7A7AC100-38D2-42B1-BEA0-FFB90607FAFA}.Debug|Any CPU.ActiveCfg = Debug|Any CPU
		{7A7AC100-38D2-42B1-BEA0-FFB90607FAFA}.Debug|Any CPU.Build.0 = Debug|Any CPU
		{7A7AC100-38D2-42B1-BEA0-FFB90607FAFA}.Release|Any CPU.ActiveCfg = Release|Any CPU
		{7A7AC100-38D2-42B1-BEA0-FFB90607FAFA}.Release|Any CPU.Build.0 = Release|Any CPU
		{F90C251D-ABE4-4185-A4F4-9E06B4DE3D1B}.Debug|Any CPU.ActiveCfg = Debug|Any CPU
		{F90C251D-ABE4-4185-A4F4-9E06B4DE3D1B}.Debug|Any CPU.Build.0 = Debug|Any CPU
		{F90C251D-ABE4-4185-A4F4-9E06B4DE3D1B}.Release|Any CPU.ActiveCfg = Release|Any CPU
		{F90C251D-ABE4-4185-A4F4-9E06B4DE3D1B}.Release|Any CPU.Build.0 = Release|Any CPU
		{5479103E-46BA-4C10-97B7-8A5940AF93B6}.Debug|Any CPU.ActiveCfg = Debug|Any CPU
		{5479103E-46BA-4C10-97B7-8A5940AF93B6}.Debug|Any CPU.Build.0 = Debug|Any CPU
		{5479103E-46BA-4C10-97B7-8A5940AF93B6}.Release|Any CPU.ActiveCfg = Release|Any CPU
		{5479103E-46BA-4C10-97B7-8A5940AF93B6}.Release|Any CPU.Build.0 = Release|Any CPU
		{315E133C-184F-4376-BC01-D2F3B4BA16E1}.Debug|Any CPU.ActiveCfg = Debug|Any CPU
		{315E133C-184F-4376-BC01-D2F3B4BA16E1}.Debug|Any CPU.Build.0 = Debug|Any CPU
		{315E133C-184F-4376-BC01-D2F3B4BA16E1}.Release|Any CPU.ActiveCfg = Release|Any CPU
		{315E133C-184F-4376-BC01-D2F3B4BA16E1}.Release|Any CPU.Build.0 = Release|Any CPU
	EndGlobalSection
	GlobalSection(SolutionProperties) = preSolution
		HideSolutionNode = FALSE
	EndGlobalSection
	GlobalSection(ExtensibilityGlobals) = postSolution
		SolutionGuid = {6EE49CA9-A609-47F2-8521-5F12B4146740}
	EndGlobalSection
EndGlobal
